PODS:
  - MLocalizedStringKit (1.0.0)

DEPENDENCIES:
  - MLocalizedStringKit (from `../`)

EXTERNAL SOURCES:
  MLocalizedStringKit:
    :path: "../"

SPEC CHECKSUMS:
  MLocalizedStringKit: 6a7a076c228d94347ab9f37794e028e62591028c

PODFILE CHECKSUM: f7eb4e35c98e0aef3a60f528f2a774b1869c2f3c

COCOAPODS: 1.5.3
